
Microsoft Visual Studio Solution File, Format Version 12.00
# Visual Studio Version 16
VisualStudioVersion = 16.0.31205.134
MinimumVisualStudioVersion = 10.0.40219.1
Project("{FAE04EC0-301F-11D3-BF4B-00C04F79EFBC}") = "5EHIFTroestlMinimumSpanningTreeV2", "5EHIFTroestlMinimumSpanningTreeV2\5EHIFTroestlMinimumSpanningTreeV2.csproj", "{2D96736B-711E-4C58-BFB4-937182B6E21B}"
EndProject
Global
	GlobalSection(SolutionConfigurationPlatforms) = preSolution
		Debug|Any CPU = Debug|Any CPU
		Release|Any CPU = Release|Any CPU
	EndGlobalSection
	GlobalSection(ProjectConfigurationPlatforms) = postSolution
		{2D96736B-711E-4C58-BFB4-937182B6E21B}.Debug|Any CPU.ActiveCfg = Debug|Any CPU
		{2D96736B-711E-4C58-BFB4-937182B6E21B}.Debug|Any CPU.Build.0 = Debug|Any CPU
		{2D96736B-711E-4C58-BFB4-937182B6E21B}.Release|Any CPU.ActiveCfg = Release|Any CPU
		{2D96736B-711E-4C58-BFB4-937182B6E21B}.Release|Any CPU.Build.0 = Release|Any CPU
	EndGlobalSection
	GlobalSection(SolutionProperties) = preSolution
		HideSolutionNode = FALSE
	EndGlobalSection
	GlobalSection(ExtensibilityGlobals) = postSolution
		SolutionGuid = {44AD7051-F870-4C40-A90F-7EBD0A372FF2}
	EndGlobalSection
EndGlobal
