
Microsoft Visual Studio Solution File, Format Version 12.00
# Visual Studio Version 17
VisualStudioVersion = 17.0.32112.339
MinimumVisualStudioVersion = 10.0.40219.1
Project("{FAE04EC0-301F-11D3-BF4B-00C04F79EFBC}") = "5EHIFTroestlSprungturm", "5EHIFTroestlSprungturm\5EHIFTroestlSprungturm.csproj", "{1F5031A1-6353-4133-97BE-21BB03AB3804}"
EndProject
Project("{2150E333-8FDC-42A3-9474-1A3956D46DE8}") = "Solution Items", "Solution Items", "{8227C706-2A03-4E94-AFB9-BA9301A70864}"
	ProjectSection(SolutionItems) = preProject
		READ ME.txt = READ ME.txt
	EndProjectSection
EndProject
Global
	GlobalSection(SolutionConfigurationPlatforms) = preSolution
		Debug|Any CPU = Debug|Any CPU
		Release|Any CPU = Release|Any CPU
	EndGlobalSection
	GlobalSection(ProjectConfigurationPlatforms) = postSolution
		{1F5031A1-6353-4133-97BE-21BB03AB3804}.Debug|Any CPU.ActiveCfg = Debug|Any CPU
		{1F5031A1-6353-4133-97BE-21BB03AB3804}.Debug|Any CPU.Build.0 = Debug|Any CPU
		{1F5031A1-6353-4133-97BE-21BB03AB3804}.Release|Any CPU.ActiveCfg = Release|Any CPU
		{1F5031A1-6353-4133-97BE-21BB03AB3804}.Release|Any CPU.Build.0 = Release|Any CPU
	EndGlobalSection
	GlobalSection(SolutionProperties) = preSolution
		HideSolutionNode = FALSE
	EndGlobalSection
	GlobalSection(ExtensibilityGlobals) = postSolution
		SolutionGuid = {A331C786-9AB9-4BCC-81BB-F411516C6F42}
	EndGlobalSection
EndGlobal
