
Microsoft Visual Studio Solution File, Format Version 12.00
# Visual Studio Version 16
VisualStudioVersion = 16.0.31025.194
MinimumVisualStudioVersion = 10.0.40219.1
Project("{FAE04EC0-301F-11D3-BF4B-00C04F79EFBC}") = "5EHIFTroestlCasino8", "5EHIFTroestlCasino8\5EHIFTroestlCasino8.csproj", "{81C7E586-A7EA-434F-82C7-1F0A760774AA}"
EndProject
Global
	GlobalSection(SolutionConfigurationPlatforms) = preSolution
		Debug|Any CPU = Debug|Any CPU
		Release|Any CPU = Release|Any CPU
	EndGlobalSection
	GlobalSection(ProjectConfigurationPlatforms) = postSolution
		{81C7E586-A7EA-434F-82C7-1F0A760774AA}.Debug|Any CPU.ActiveCfg = Debug|Any CPU
		{81C7E586-A7EA-434F-82C7-1F0A760774AA}.Debug|Any CPU.Build.0 = Debug|Any CPU
		{81C7E586-A7EA-434F-82C7-1F0A760774AA}.Release|Any CPU.ActiveCfg = Release|Any CPU
		{81C7E586-A7EA-434F-82C7-1F0A760774AA}.Release|Any CPU.Build.0 = Release|Any CPU
	EndGlobalSection
	GlobalSection(SolutionProperties) = preSolution
		HideSolutionNode = FALSE
	EndGlobalSection
	GlobalSection(ExtensibilityGlobals) = postSolution
		SolutionGuid = {F6084B44-A667-44E5-9051-84248B43F8E0}
	EndGlobalSection
EndGlobal
