
Microsoft Visual Studio Solution File, Format Version 12.00
# Visual Studio Version 17
VisualStudioVersion = 17.0.31717.71
MinimumVisualStudioVersion = 10.0.40219.1
Project("{FAE04EC0-301F-11D3-BF4B-00C04F79EFBC}") = "Breadth-first-search", "Breadth-first-search\Breadth-first-search.csproj", "{193E5FCB-A68F-49F8-BE10-309BEC35AF7A}"
EndProject
Global
	GlobalSection(SolutionConfigurationPlatforms) = preSolution
		Debug|Any CPU = Debug|Any CPU
		Release|Any CPU = Release|Any CPU
	EndGlobalSection
	GlobalSection(ProjectConfigurationPlatforms) = postSolution
		{193E5FCB-A68F-49F8-BE10-309BEC35AF7A}.Debug|Any CPU.ActiveCfg = Debug|Any CPU
		{193E5FCB-A68F-49F8-BE10-309BEC35AF7A}.Debug|Any CPU.Build.0 = Debug|Any CPU
		{193E5FCB-A68F-49F8-BE10-309BEC35AF7A}.Release|Any CPU.ActiveCfg = Release|Any CPU
		{193E5FCB-A68F-49F8-BE10-309BEC35AF7A}.Release|Any CPU.Build.0 = Release|Any CPU
	EndGlobalSection
	GlobalSection(SolutionProperties) = preSolution
		HideSolutionNode = FALSE
	EndGlobalSection
	GlobalSection(ExtensibilityGlobals) = postSolution
		SolutionGuid = {CFB75029-4518-4519-B32A-FE82B25D7D1C}
	EndGlobalSection
EndGlobal
